
Microsoft Visual Studio Solution File, Format Version 12.00
# Visual Studio 15
VisualStudioVersion = 15.0.26730.12
MinimumVisualStudioVersion = 10.0.40219.1
Project("{9A19103F-16F7-4668-BE54-9A1E7A4F7556}") = "Rentler.Admin.Web", "Rentler.Admin.Web\Rentler.Admin.Web.csproj", "{23C4E2A6-806B-4082-8288-5F6C0C645163}"
EndProject
Project("{9A19103F-16F7-4668-BE54-9A1E7A4F7556}") = "Rentler.Admin", "Rentler.Admin\Rentler.Admin.csproj", "{E727FBF9-EBBB-4D38-90D4-82028994A74F}"
EndProject
Global
	GlobalSection(SolutionConfigurationPlatforms) = preSolution
		Debug|Any CPU = Debug|Any CPU
		Release|Any CPU = Release|Any CPU
	EndGlobalSection
	GlobalSection(ProjectConfigurationPlatforms) = postSolution
		{23C4E2A6-806B-4082-8288-5F6C0C645163}.Debug|Any CPU.ActiveCfg = Debug|Any CPU
		{23C4E2A6-806B-4082-8288-5F6C0C645163}.Debug|Any CPU.Build.0 = Debug|Any CPU
		{23C4E2A6-806B-4082-8288-5F6C0C645163}.Release|Any CPU.ActiveCfg = Release|Any CPU
		{23C4E2A6-806B-4082-8288-5F6C0C645163}.Release|Any CPU.Build.0 = Release|Any CPU
		{E727FBF9-EBBB-4D38-90D4-82028994A74F}.Debug|Any CPU.ActiveCfg = Debug|Any CPU
		{E727FBF9-EBBB-4D38-90D4-82028994A74F}.Debug|Any CPU.Build.0 = Debug|Any CPU
		{E727FBF9-EBBB-4D38-90D4-82028994A74F}.Release|Any CPU.ActiveCfg = Release|Any CPU
		{E727FBF9-EBBB-4D38-90D4-82028994A74F}.Release|Any CPU.Build.0 = Release|Any CPU
	EndGlobalSection
	GlobalSection(SolutionProperties) = preSolution
		HideSolutionNode = FALSE
	EndGlobalSection
	GlobalSection(ExtensibilityGlobals) = postSolution
		SolutionGuid = {4E28EF9D-3E3F-4F45-82F8-72F62C33392D}
	EndGlobalSection
EndGlobal
